
Microsoft Visual Studio Solution File, Format Version 12.00
# Visual Studio Version 16
VisualStudioVersion = 16.0.31729.503
MinimumVisualStudioVersion = 10.0.40219.1
Project("{9A19103F-16F7-4668-BE54-9A1E7A4F7556}") = "bowling", "bowling.csproj", "{96CBD37F-E116-4017-9BE5-0A3A2C8C41B7}"
EndProject
Global
	GlobalSection(SolutionConfigurationPlatforms) = preSolution
		Debug|Any CPU = Debug|Any CPU
		Release|Any CPU = Release|Any CPU
	EndGlobalSection
	GlobalSection(ProjectConfigurationPlatforms) = postSolution
		{96CBD37F-E116-4017-9BE5-0A3A2C8C41B7}.Debug|Any CPU.ActiveCfg = Debug|Any CPU
		{96CBD37F-E116-4017-9BE5-0A3A2C8C41B7}.Debug|Any CPU.Build.0 = Debug|Any CPU
		{96CBD37F-E116-4017-9BE5-0A3A2C8C41B7}.Release|Any CPU.ActiveCfg = Release|Any CPU
		{96CBD37F-E116-4017-9BE5-0A3A2C8C41B7}.Release|Any CPU.Build.0 = Release|Any CPU
	EndGlobalSection
	GlobalSection(SolutionProperties) = preSolution
		HideSolutionNode = FALSE
	EndGlobalSection
	GlobalSection(ExtensibilityGlobals) = postSolution
		SolutionGuid = {C8D3EE60-FE3C-4FAD-AC52-A842858E6AB7}
	EndGlobalSection
EndGlobal
